
Microsoft Visual Studio Solution File, Format Version 12.00
# Visual Studio Version 16
VisualStudioVersion = 16.0.29230.47
MinimumVisualStudioVersion = 10.0.40219.1
Project("{8BC9CEB8-8B4A-11D0-8D11-00A0C91BC942}") = "SubtitleExtractor", "SubtitleExtractor\SubtitleExtractor.vcxproj", "{705635CE-DA59-4DC1-971F-A3BCB314A246}"
EndProject
Global
	GlobalSection(SolutionConfigurationPlatforms) = preSolution
		Debug|x64 = Debug|x64
		Debug|x86 = Debug|x86
		Release|x64 = Release|x64
		Release|x86 = Release|x86
	EndGlobalSection
	GlobalSection(ProjectConfigurationPlatforms) = postSolution
		{705635CE-DA59-4DC1-971F-A3BCB314A246}.Debug|x64.ActiveCfg = Debug|x64
		{705635CE-DA59-4DC1-971F-A3BCB314A246}.Debug|x64.Build.0 = Debug|x64
		{705635CE-DA59-4DC1-971F-A3BCB314A246}.Debug|x86.ActiveCfg = Debug|Win32
		{705635CE-DA59-4DC1-971F-A3BCB314A246}.Debug|x86.Build.0 = Debug|Win32
		{705635CE-DA59-4DC1-971F-A3BCB314A246}.Release|x64.ActiveCfg = Release|x64
		{705635CE-DA59-4DC1-971F-A3BCB314A246}.Release|x64.Build.0 = Release|x64
		{705635CE-DA59-4DC1-971F-A3BCB314A246}.Release|x86.ActiveCfg = Release|Win32
		{705635CE-DA59-4DC1-971F-A3BCB314A246}.Release|x86.Build.0 = Release|Win32
	EndGlobalSection
	GlobalSection(SolutionProperties) = preSolution
		HideSolutionNode = FALSE
	EndGlobalSection
	GlobalSection(ExtensibilityGlobals) = postSolution
		SolutionGuid = {30FC3BC2-4787-4D03-B7CC-56D09838E906}
	EndGlobalSection
EndGlobal
